{
  "requires": true,
  "lockfileVersion": 1,
  "dependencies": {
    "@chenfengyuan/datepicker": {
      "version": "1.0.0",
      "resolved": "https://registry.npmjs.org/@chenfengyuan/datepicker/-/datepicker-1.0.0.tgz",
      "integrity": "sha512-jZlKm2TX7+2T8++ClI0UiaaHqRxmN2cgljgwfgOpmo8DP2zPqD5F4wKs96XBGzvl7fSzhsBSyYSICAFYtNNCXA=="
    }
  }
}
